
Microsoft Visual Studio Solution File, Format Version 12.00
# Visual Studio Version 17
VisualStudioVersion = 17.10.34928.147
MinimumVisualStudioVersion = 10.0.40219.1
Project("{9A19103F-16F7-4668-BE54-9A1E7A4F7556}") = "TicTacToe", "TicTacToe.csproj", "{27462ADD-AD9C-45AD-AAB3-3F88E5D18251}"
EndProject
Project("{FAE04EC0-301F-11D3-BF4B-00C04F79EFBC}") = "Games.Application", "..\Games.Application\Games.Application.csproj", "{3EF02A13-03A2-4226-8208-53CD8D6ADD94}"
EndProject
Global
	GlobalSection(SolutionConfigurationPlatforms) = preSolution
		Debug|Any CPU = Debug|Any CPU
		Release|Any CPU = Release|Any CPU
	EndGlobalSection
	GlobalSection(ProjectConfigurationPlatforms) = postSolution
		{27462ADD-AD9C-45AD-AAB3-3F88E5D18251}.Debug|Any CPU.ActiveCfg = Debug|Any CPU
		{27462ADD-AD9C-45AD-AAB3-3F88E5D18251}.Debug|Any CPU.Build.0 = Debug|Any CPU
		{27462ADD-AD9C-45AD-AAB3-3F88E5D18251}.Release|Any CPU.ActiveCfg = Release|Any CPU
		{27462ADD-AD9C-45AD-AAB3-3F88E5D18251}.Release|Any CPU.Build.0 = Release|Any CPU
		{3EF02A13-03A2-4226-8208-53CD8D6ADD94}.Debug|Any CPU.ActiveCfg = Debug|Any CPU
		{3EF02A13-03A2-4226-8208-53CD8D6ADD94}.Debug|Any CPU.Build.0 = Debug|Any CPU
		{3EF02A13-03A2-4226-8208-53CD8D6ADD94}.Release|Any CPU.ActiveCfg = Release|Any CPU
		{3EF02A13-03A2-4226-8208-53CD8D6ADD94}.Release|Any CPU.Build.0 = Release|Any CPU
	EndGlobalSection
	GlobalSection(SolutionProperties) = preSolution
		HideSolutionNode = FALSE
	EndGlobalSection
	GlobalSection(ExtensibilityGlobals) = postSolution
		SolutionGuid = {3D3E4A02-0CEF-4D2A-8DD8-96F5B203C958}
	EndGlobalSection
EndGlobal
